{
  "name": "@open-company/medium-editor-extentions",
  "version": "1.0.0",
  "lockfileVersion": 1,
  "requires": true,
  "dependencies": {
    "@rangy/classapplier": {
      "version": "2.1.0",
      "resolved": "https://registry.npmjs.org/@rangy/classapplier/-/classapplier-2.1.0.tgz",
      "integrity": "sha512-uukIOG/8OAnhEmfanU8gaRx1D2gaS/xlOfy9o1zH/GQ0p7+ixS/rafzTU3yHcaYg/CLSKPgloy6UO4nzt4/UbQ==",
      "requires": {
        "@rangy/core": "^2.1.0",
        "core-js": "^3.0.1",
        "tslib": "^1.9.3"
      }
    },
    "@rangy/core": {
      "version": "2.1.0",
      "resolved": "https://registry.npmjs.org/@rangy/core/-/core-2.1.0.tgz",
      "integrity": "sha512-4kCKFo2gnjEO9MRNOswhZF1PULPpqo269TrgGgcAqOgxnatB8VRulePyAf3unedYch+425hduH403lAneIvr6w==",
      "requires": {
        "core-js": "^3.0.1",
        "tslib": "^1.9.3"
      }
    },
    "core-js": {
      "version": "3.6.5",
      "resolved": "https://registry.npmjs.org/core-js/-/core-js-3.6.5.tgz",
      "integrity": "sha512-vZVEEwZoIsI+vPEuoF9Iqf5H7/M3eeQqWlQnYa8FSKKePuYTf5MWnxb5SDAzCa60b3JBRS5g9b+Dq7b1y/RCrA=="
    },
    "log4javascript": {
      "version": "1.4.15",
      "resolved": "https://registry.npmjs.org/log4javascript/-/log4javascript-1.4.15.tgz",
      "integrity": "sha1-haxi6UawJMayViFghOEGAdVjBgQ="
    },
    "medium-editor": {
      "version": "5.23.3",
      "resolved": "https://registry.npmjs.org/medium-editor/-/medium-editor-5.23.3.tgz",
      "integrity": "sha512-he9/TdjX8f8MGdXGfCs8AllrYnqXJJvjNkDKmPg3aPW/uoIrlRqtkFthrwvmd+u4QyzEiadhCCM0EwTiRdUCJw=="
    },
    "tslib": {
      "version": "1.14.1",
      "resolved": "https://registry.npmjs.org/tslib/-/tslib-1.14.1.tgz",
      "integrity": "sha512-Xni35NKzjgMrwevysHTCArtLDpPvye8zV/0E4EyYn43P7/7qvQwPh9BGkHewbMulVntbigmcT7rdX3BNo9wRJg=="
    }
  }
}
